
Microsoft Visual Studio Solution File, Format Version 12.00
# Visual Studio 15
VisualStudioVersion = 15.0.28307.329
MinimumVisualStudioVersion = 10.0.40219.1
Project("{8BC9CEB8-8B4A-11D0-8D11-00A0C91BC942}") = "pxctest", "pxctest\pxctest.vcxproj", "{3B323DC9-BFE8-4814-A571-1A0E6B67CB9F}"
EndProject
Project("{8BC9CEB8-8B4A-11D0-8D11-00A0C91BC942}") = "glw", "glw\glw.vcxproj", "{A98A59A9-3296-4BC7-B335-ECD98008C3C9}"
EndProject
Project("{8BC9CEB8-8B4A-11D0-8D11-00A0C91BC942}") = "sh3dedsgn", "sh3dedsgn\sh3dedsgn.vcxproj", "{1A073532-E367-4C73-AC44-BA06A3A7A4A1}"
EndProject
Global
	GlobalSection(SolutionConfigurationPlatforms) = preSolution
		Debug|ARM = Debug|ARM
		Debug|ARM64 = Debug|ARM64
		Debug|x64 = Debug|x64
		Debug|x86 = Debug|x86
		Release|ARM = Release|ARM
		Release|ARM64 = Release|ARM64
		Release|x64 = Release|x64
		Release|x86 = Release|x86
	EndGlobalSection
	GlobalSection(ProjectConfigurationPlatforms) = postSolution
		{3B323DC9-BFE8-4814-A571-1A0E6B67CB9F}.Debug|ARM.ActiveCfg = Debug|Win32
		{3B323DC9-BFE8-4814-A571-1A0E6B67CB9F}.Debug|ARM64.ActiveCfg = Debug|Win32
		{3B323DC9-BFE8-4814-A571-1A0E6B67CB9F}.Debug|x64.ActiveCfg = Debug|x64
		{3B323DC9-BFE8-4814-A571-1A0E6B67CB9F}.Debug|x64.Build.0 = Debug|x64
		{3B323DC9-BFE8-4814-A571-1A0E6B67CB9F}.Debug|x86.ActiveCfg = Debug|Win32
		{3B323DC9-BFE8-4814-A571-1A0E6B67CB9F}.Debug|x86.Build.0 = Debug|Win32
		{3B323DC9-BFE8-4814-A571-1A0E6B67CB9F}.Release|ARM.ActiveCfg = Release|Win32
		{3B323DC9-BFE8-4814-A571-1A0E6B67CB9F}.Release|ARM64.ActiveCfg = Release|Win32
		{3B323DC9-BFE8-4814-A571-1A0E6B67CB9F}.Release|x64.ActiveCfg = Release|x64
		{3B323DC9-BFE8-4814-A571-1A0E6B67CB9F}.Release|x64.Build.0 = Release|x64
		{3B323DC9-BFE8-4814-A571-1A0E6B67CB9F}.Release|x86.ActiveCfg = Release|Win32
		{3B323DC9-BFE8-4814-A571-1A0E6B67CB9F}.Release|x86.Build.0 = Release|Win32
		{A98A59A9-3296-4BC7-B335-ECD98008C3C9}.Debug|ARM.ActiveCfg = Debug|Win32
		{A98A59A9-3296-4BC7-B335-ECD98008C3C9}.Debug|ARM64.ActiveCfg = Debug|Win32
		{A98A59A9-3296-4BC7-B335-ECD98008C3C9}.Debug|x64.ActiveCfg = Debug|x64
		{A98A59A9-3296-4BC7-B335-ECD98008C3C9}.Debug|x64.Build.0 = Debug|x64
		{A98A59A9-3296-4BC7-B335-ECD98008C3C9}.Debug|x86.ActiveCfg = Debug|Win32
		{A98A59A9-3296-4BC7-B335-ECD98008C3C9}.Debug|x86.Build.0 = Debug|Win32
		{A98A59A9-3296-4BC7-B335-ECD98008C3C9}.Release|ARM.ActiveCfg = Release|Win32
		{A98A59A9-3296-4BC7-B335-ECD98008C3C9}.Release|ARM64.ActiveCfg = Release|Win32
		{A98A59A9-3296-4BC7-B335-ECD98008C3C9}.Release|x64.ActiveCfg = Release|x64
		{A98A59A9-3296-4BC7-B335-ECD98008C3C9}.Release|x64.Build.0 = Release|x64
		{A98A59A9-3296-4BC7-B335-ECD98008C3C9}.Release|x86.ActiveCfg = Release|Win32
		{A98A59A9-3296-4BC7-B335-ECD98008C3C9}.Release|x86.Build.0 = Release|Win32
		{1A073532-E367-4C73-AC44-BA06A3A7A4A1}.Debug|ARM.ActiveCfg = Debug|Win32
		{1A073532-E367-4C73-AC44-BA06A3A7A4A1}.Debug|ARM64.ActiveCfg = Debug|Win32
		{1A073532-E367-4C73-AC44-BA06A3A7A4A1}.Debug|x64.ActiveCfg = Debug|x64
		{1A073532-E367-4C73-AC44-BA06A3A7A4A1}.Debug|x64.Build.0 = Debug|x64
		{1A073532-E367-4C73-AC44-BA06A3A7A4A1}.Debug|x86.ActiveCfg = Debug|Win32
		{1A073532-E367-4C73-AC44-BA06A3A7A4A1}.Debug|x86.Build.0 = Debug|Win32
		{1A073532-E367-4C73-AC44-BA06A3A7A4A1}.Release|ARM.ActiveCfg = Release|Win32
		{1A073532-E367-4C73-AC44-BA06A3A7A4A1}.Release|ARM64.ActiveCfg = Release|Win32
		{1A073532-E367-4C73-AC44-BA06A3A7A4A1}.Release|x64.ActiveCfg = Release|x64
		{1A073532-E367-4C73-AC44-BA06A3A7A4A1}.Release|x64.Build.0 = Release|x64
		{1A073532-E367-4C73-AC44-BA06A3A7A4A1}.Release|x86.ActiveCfg = Release|Win32
		{1A073532-E367-4C73-AC44-BA06A3A7A4A1}.Release|x86.Build.0 = Release|Win32
	EndGlobalSection
	GlobalSection(SolutionProperties) = preSolution
		HideSolutionNode = FALSE
	EndGlobalSection
	GlobalSection(ExtensibilityGlobals) = postSolution
		SolutionGuid = {E42C40F1-FFB6-49FA-A053-3761A5EC33A3}
	EndGlobalSection
EndGlobal
